
Microsoft Visual Studio Solution File, Format Version 12.00
# Visual Studio Version 17
VisualStudioVersion = 17.11.35327.3
MinimumVisualStudioVersion = 10.0.40219.1
Project("{9A19103F-16F7-4668-BE54-9A1E7A4F7556}") = "Data.AccessLayer", "Data.AccessLayer\Data.AccessLayer.csproj", "{3A8F3E46-796A-42FF-899A-72BF7A8BBB95}"
EndProject
Project("{9A19103F-16F7-4668-BE54-9A1E7A4F7556}") = "Business.AccessLayer", "Business.AccesLayer\Business.AccessLayer.csproj", "{8963B631-CFB5-4865-A3BF-3CEC29A712B4}"
EndProject
Project("{9A19103F-16F7-4668-BE54-9A1E7A4F7556}") = "Global.Entity", "Global.Entity\Global.Entity.csproj", "{3EA3F26E-0BE3-49F7-88AA-1901413F64D1}"
EndProject
Project("{9A19103F-16F7-4668-BE54-9A1E7A4F7556}") = "Healthcare.UI", "HealthcareAPI\Healthcare.UI.csproj", "{0407CE02-896C-40EC-A5A0-3E53FE9E377B}"
EndProject
Project("{9A19103F-16F7-4668-BE54-9A1E7A4F7556}") = "Healthcare.API", "Healthcare.API\Healthcare.API.csproj", "{4126719A-F192-4481-A50C-76949DBA1F37}"
EndProject
Global
	GlobalSection(SolutionConfigurationPlatforms) = preSolution
		Debug|Any CPU = Debug|Any CPU
		Release|Any CPU = Release|Any CPU
	EndGlobalSection
	GlobalSection(ProjectConfigurationPlatforms) = postSolution
		{3A8F3E46-796A-42FF-899A-72BF7A8BBB95}.Debug|Any CPU.ActiveCfg = Debug|Any CPU
		{3A8F3E46-796A-42FF-899A-72BF7A8BBB95}.Debug|Any CPU.Build.0 = Debug|Any CPU
		{3A8F3E46-796A-42FF-899A-72BF7A8BBB95}.Release|Any CPU.ActiveCfg = Release|Any CPU
		{3A8F3E46-796A-42FF-899A-72BF7A8BBB95}.Release|Any CPU.Build.0 = Release|Any CPU
		{8963B631-CFB5-4865-A3BF-3CEC29A712B4}.Debug|Any CPU.ActiveCfg = Debug|Any CPU
		{8963B631-CFB5-4865-A3BF-3CEC29A712B4}.Debug|Any CPU.Build.0 = Debug|Any CPU
		{8963B631-CFB5-4865-A3BF-3CEC29A712B4}.Release|Any CPU.ActiveCfg = Release|Any CPU
		{8963B631-CFB5-4865-A3BF-3CEC29A712B4}.Release|Any CPU.Build.0 = Release|Any CPU
		{3EA3F26E-0BE3-49F7-88AA-1901413F64D1}.Debug|Any CPU.ActiveCfg = Debug|Any CPU
		{3EA3F26E-0BE3-49F7-88AA-1901413F64D1}.Debug|Any CPU.Build.0 = Debug|Any CPU
		{3EA3F26E-0BE3-49F7-88AA-1901413F64D1}.Release|Any CPU.ActiveCfg = Release|Any CPU
		{3EA3F26E-0BE3-49F7-88AA-1901413F64D1}.Release|Any CPU.Build.0 = Release|Any CPU
		{0407CE02-896C-40EC-A5A0-3E53FE9E377B}.Debug|Any CPU.ActiveCfg = Debug|Any CPU
		{0407CE02-896C-40EC-A5A0-3E53FE9E377B}.Debug|Any CPU.Build.0 = Debug|Any CPU
		{0407CE02-896C-40EC-A5A0-3E53FE9E377B}.Release|Any CPU.ActiveCfg = Release|Any CPU
		{0407CE02-896C-40EC-A5A0-3E53FE9E377B}.Release|Any CPU.Build.0 = Release|Any CPU
		{4126719A-F192-4481-A50C-76949DBA1F37}.Debug|Any CPU.ActiveCfg = Debug|Any CPU
		{4126719A-F192-4481-A50C-76949DBA1F37}.Debug|Any CPU.Build.0 = Debug|Any CPU
		{4126719A-F192-4481-A50C-76949DBA1F37}.Release|Any CPU.ActiveCfg = Release|Any CPU
		{4126719A-F192-4481-A50C-76949DBA1F37}.Release|Any CPU.Build.0 = Release|Any CPU
	EndGlobalSection
	GlobalSection(SolutionProperties) = preSolution
		HideSolutionNode = FALSE
	EndGlobalSection
	GlobalSection(ExtensibilityGlobals) = postSolution
		SolutionGuid = {BAA51AC7-E67B-4562-A9DB-CE39C08F4A15}
	EndGlobalSection
EndGlobal
